
Microsoft Visual Studio Solution File, Format Version 12.00
# Visual Studio Version 16
VisualStudioVersion = 16.0.29306.81
MinimumVisualStudioVersion = 10.0.40219.1
Project("{FAE04EC0-301F-11D3-BF4B-00C04F79EFBC}") = "SerialPort", "SerialPort\SerialPort.csproj", "{2977100F-501F-408C-97D3-5B98C13CE099}"
EndProject
Global
	GlobalSection(SolutionConfigurationPlatforms) = preSolution
		Debug|Any CPU = Debug|Any CPU
		Release|Any CPU = Release|Any CPU
	EndGlobalSection
	GlobalSection(ProjectConfigurationPlatforms) = postSolution
		{2977100F-501F-408C-97D3-5B98C13CE099}.Debug|Any CPU.ActiveCfg = Debug|Any CPU
		{2977100F-501F-408C-97D3-5B98C13CE099}.Debug|Any CPU.Build.0 = Debug|Any CPU
		{2977100F-501F-408C-97D3-5B98C13CE099}.Release|Any CPU.ActiveCfg = Release|Any CPU
		{2977100F-501F-408C-97D3-5B98C13CE099}.Release|Any CPU.Build.0 = Release|Any CPU
	EndGlobalSection
	GlobalSection(SolutionProperties) = preSolution
		HideSolutionNode = FALSE
	EndGlobalSection
	GlobalSection(ExtensibilityGlobals) = postSolution
		SolutionGuid = {124CFA53-2A93-4F17-91E0-976027F211E7}
	EndGlobalSection
EndGlobal
